{
  "name": "vsts-tasks-xamarintestcloud",
  "version": "1.0.0",
  "lockfileVersion": 1,
  "requires": true,
  "dependencies": {
    "azure-pipelines-task-lib": {
      "version": "2.9.3",
      "resolved": "https://registry.npmjs.org/azure-pipelines-task-lib/-/azure-pipelines-task-lib-2.9.3.tgz",
      "integrity": "sha512-SPWKSfgmjyBDVIMzXnnPH0Gv7YXZ+AQ3SyIhNNALAmQpOltqJhgslvzrOClR5rKuoOyJlG0AWZILbZIXCkztAA==",
      "requires": {
        "minimatch": "3.0.4",
        "mockery": "^1.7.0",
        "q": "^1.1.2",
        "semver": "^5.1.0",
        "shelljs": "^0.3.0",
        "uuid": "^3.0.1"
      },
      "dependencies": {
        "balanced-match": {
          "version": "1.0.2",
          "resolved": "https://registry.npmjs.org/balanced-match/-/balanced-match-1.0.2.tgz",
          "integrity": "sha512-3oSeUO0TMV67hN1AmbXsK4yaqU7tjiHlbxRDZOpH0KW9+CeX4bRAaX0Anxt0tx2MrpRpWwQaPwIlISEJhYU5Pw=="
        },
        "brace-expansion": {
          "version": "1.1.12",
          "resolved": "https://registry.npmjs.org/brace-expansion/-/brace-expansion-1.1.12.tgz",
          "integrity": "sha512-9T9UjW3r0UW5c1Q7GTwllptXwhvYmEzFhzMfZ9H7FQWt+uZePjZPjBP/W1ZEyZ1twGWom5/56TF4lPcqjnDHcg==",
          "requires": {
            "balanced-match": "^1.0.0",
            "concat-map": "0.0.1"
          }
        },
        "minimatch": {
          "version": "3.0.4",
          "resolved": "https://registry.npmjs.org/minimatch/-/minimatch-3.0.4.tgz",
          "integrity": "sha512-yJHVQEhyqPLUTgt9B83PXu6W3rx4MvvHvSUvToogpwoGDOUQ+yDrR0HRot+yOCdCO7u4hX3pWft6kWBBcqh0UA==",
          "requires": {
            "brace-expansion": "^1.1.7"
          }
        },
        "uuid": {
          "version": "3.4.0",
          "resolved": "https://registry.npmjs.org/uuid/-/uuid-3.4.0.tgz",
          "integrity": "sha512-HjSDRw6gZE5JMggctHBcjVak08+KEVhSIiDzFnT9S9aegmp85S/bReBVTb4QTFaRNptJ9kuYaNhnbNEOkbKb/A=="
        }
      }
    },
    "balanced-match": {
      "version": "3.0.1",
      "resolved": "https://registry.npmjs.org/balanced-match/-/balanced-match-3.0.1.tgz",
      "integrity": "sha512-vjtV3hiLqYDNRoiAv0zC4QaGAMPomEoq83PRmYIofPswwZurCeWR5LByXm7SyoL0Zh5+2z0+HC7jG8gSZJUh0w=="
    },
    "brace-expansion": {
      "version": "4.0.1",
      "resolved": "https://registry.npmjs.org/brace-expansion/-/brace-expansion-4.0.1.tgz",
      "integrity": "sha512-YClrbvTCXGe70pU2JiEiPLYXO9gQkyxYeKpJIQHVS/gOs6EWMQP2RYBwjFLNT322Ji8TOC3IMPfsYCedNpzKfA==",
      "requires": {
        "balanced-match": "^3.0.0"
      }
    },
    "concat-map": {
      "version": "0.0.1",
      "resolved": "https://registry.npmjs.org/concat-map/-/concat-map-0.0.1.tgz",
      "integrity": "sha512-/Srv4dswyQNBfohGpz9o6Yb3Gz3SrUDqBH5rTuhGR7ahtlbYKnVxw2bCFMRljaA7EXHaXZ8wsHdodFvbkhKmqg=="
    },
    "minimatch": {
      "version": "10.0.2",
      "resolved": "https://registry.npmjs.org/minimatch/-/minimatch-10.0.2.tgz",
      "integrity": "sha512-+9TJCIYXgZ2Dm5LxVCFsa8jOm+evMwXHFI0JM1XROmkfkpz8/iLLDh+TwSmyIBrs6C6Xu9294/fq8cBA+P6AqA==",
      "requires": {
        "brace-expansion": "^4.0.1"
      }
    },
    "mockery": {
      "version": "1.7.0",
      "resolved": "https://registry.npmjs.org/mockery/-/mockery-1.7.0.tgz",
      "integrity": "sha1-9O3g2HUMHJcnwnLqLGBiniyaHE8="
    },
    "q": {
      "version": "1.5.1",
      "resolved": "https://registry.npmjs.org/q/-/q-1.5.1.tgz",
      "integrity": "sha1-fjL3W0E4EpHQRhHxvxQQmsAGUdc="
    },
    "semver": {
      "version": "5.5.0",
      "resolved": "https://registry.npmjs.org/semver/-/semver-5.5.0.tgz",
      "integrity": "sha512-4SJ3dm0WAwWy/NVeioZh5AntkdJoWKxHxcmyP622fOkgHa4z3R0TdBJICINyaSDE6uNwVc8gZr+ZinwZAH4xIA=="
    },
    "shelljs": {
      "version": "0.3.0",
      "resolved": "https://registry.npmjs.org/shelljs/-/shelljs-0.3.0.tgz",
      "integrity": "sha1-NZbmMHp4FUT1kfN9phg2DzHbV7E="
    }
  }
}
